// !$*UTF8*$!
{
	archiveVersion = 1;
	classes = {
	};
	objectVersion = 56;
	objects = {

/* Begin PBXBuildFile section */
		A31FFD162C6DC2D3006BD8C5 /* HomeView.swift in Sources */ = {isa = PBXBuildFile; fileRef = A31FFD152C6DC2D3006BD8C5 /* HomeView.swift */; };
		A32E433E2C6C8D6000A9D2BC /* TestFirebaseApp.swift in Sources */ = {isa = PBXBuildFile; fileRef = A32E433D2C6C8D6000A9D2BC /* TestFirebaseApp.swift */; };
		A32E43422C6C8D6100A9D2BC /* Assets.xcassets in Resources */ = {isa = PBXBuildFile; fileRef = A32E43412C6C8D6100A9D2BC /* Assets.xcassets */; };
		A32E43452C6C8D6100A9D2BC /* Preview Assets.xcassets in Resources */ = {isa = PBXBuildFile; fileRef = A32E43442C6C8D6100A9D2BC /* Preview Assets.xcassets */; };
		A32E434F2C6C8D6100A9D2BC /* TestFirebaseTests.swift in Sources */ = {isa = PBXBuildFile; fileRef = A32E434E2C6C8D6100A9D2BC /* TestFirebaseTests.swift */; };
		A32E43592C6C8D6100A9D2BC /* TestFirebaseUITests.swift in Sources */ = {isa = PBXBuildFile; fileRef = A32E43582C6C8D6100A9D2BC /* TestFirebaseUITests.swift */; };
		A32E435B2C6C8D6100A9D2BC /* TestFirebaseUITestsLaunchTests.swift in Sources */ = {isa = PBXBuildFile; fileRef = A32E435A2C6C8D6100A9D2BC /* TestFirebaseUITestsLaunchTests.swift */; };
		A32E436F2C6C95DD00A9D2BC /* ContentView.swift in Sources */ = {isa = PBXBuildFile; fileRef = A32E436E2C6C95DD00A9D2BC /* ContentView.swift */; };
		A32E437A2C6CBB1800A9D2BC /* SignInView.swift in Sources */ = {isa = PBXBuildFile; fileRef = A32E43792C6CBB1800A9D2BC /* SignInView.swift */; };
		A32E437D2C6CBC5E00A9D2BC /* Supabase in Frameworks */ = {isa = PBXBuildFile; productRef = A32E437C2C6CBC5E00A9D2BC /* Supabase */; };
		A32E437F2C6CBF7E00A9D2BC /* AuthManager.swift in Sources */ = {isa = PBXBuildFile; fileRef = A32E437E2C6CBF7E00A9D2BC /* AuthManager.swift */; };
		A32E43812C6CC79300A9D2BC /* SignInApple.swift in Sources */ = {isa = PBXBuildFile; fileRef = A32E43802C6CC79300A9D2BC /* SignInApple.swift */; };
		A38EF70B2C6F6001006592F2 /* AppTextField.swift in Sources */ = {isa = PBXBuildFile; fileRef = A38EF70A2C6F6001006592F2 /* AppTextField.swift */; };
		A38EF70D2C6F6261006592F2 /* AppSecureField.swift in Sources */ = {isa = PBXBuildFile; fileRef = A38EF70C2C6F6261006592F2 /* AppSecureField.swift */; };
		A38EF70F2C6F6533006592F2 /* RegistrationView.swift in Sources */ = {isa = PBXBuildFile; fileRef = A38EF70E2C6F6533006592F2 /* RegistrationView.swift */; };
		A38EF7112C6F673A006592F2 /* SignInViewModel.swift in Sources */ = {isa = PBXBuildFile; fileRef = A38EF7102C6F673A006592F2 /* SignInViewModel.swift */; };
/* End PBXBuildFile section */

/* Begin PBXContainerItemProxy section */
		A32E434B2C6C8D6100A9D2BC /* PBXContainerItemProxy */ = {
			isa = PBXContainerItemProxy;
			containerPortal = A32E43322C6C8D6000A9D2BC /* Project object */;
			proxyType = 1;
			remoteGlobalIDString = A32E43392C6C8D6000A9D2BC;
			remoteInfo = TestFirebase;
		};
		A32E43552C6C8D6100A9D2BC /* PBXContainerItemProxy */ = {
			isa = PBXContainerItemProxy;
			containerPortal = A32E43322C6C8D6000A9D2BC /* Project object */;
			proxyType = 1;
			remoteGlobalIDString = A32E43392C6C8D6000A9D2BC;
			remoteInfo = TestFirebase;
		};
/* End PBXContainerItemProxy section */

/* Begin PBXFileReference section */
		A31FFD152C6DC2D3006BD8C5 /* HomeView.swift */ = {isa = PBXFileReference; lastKnownFileType = sourcecode.swift; path = HomeView.swift; sourceTree = "<group>"; };
		A32E433A2C6C8D6000A9D2BC /* TestFirebase.app */ = {isa = PBXFileReference; explicitFileType = wrapper.application; includeInIndex = 0; path = TestFirebase.app; sourceTree = BUILT_PRODUCTS_DIR; };
		A32E433D2C6C8D6000A9D2BC /* TestFirebaseApp.swift */ = {isa = PBXFileReference; lastKnownFileType = sourcecode.swift; path = TestFirebaseApp.swift; sourceTree = "<group>"; };
		A32E43412C6C8D6100A9D2BC /* Assets.xcassets */ = {isa = PBXFileReference; lastKnownFileType = folder.assetcatalog; path = Assets.xcassets; sourceTree = "<group>"; };
		A32E43442C6C8D6100A9D2BC /* Preview Assets.xcassets */ = {isa = PBXFileReference; lastKnownFileType = folder.assetcatalog; path = "Preview Assets.xcassets"; sourceTree = "<group>"; };
		A32E434A2C6C8D6100A9D2BC /* TestFirebaseTests.xctest */ = {isa = PBXFileReference; explicitFileType = wrapper.cfbundle; includeInIndex = 0; path = TestFirebaseTests.xctest; sourceTree = BUILT_PRODUCTS_DIR; };
		A32E434E2C6C8D6100A9D2BC /* TestFirebaseTests.swift */ = {isa = PBXFileReference; lastKnownFileType = sourcecode.swift; path = TestFirebaseTests.swift; sourceTree = "<group>"; };
		A32E43542C6C8D6100A9D2BC /* TestFirebaseUITests.xctest */ = {isa = PBXFileReference; explicitFileType = wrapper.cfbundle; includeInIndex = 0; path = TestFirebaseUITests.xctest; sourceTree = BUILT_PRODUCTS_DIR; };
		A32E43582C6C8D6100A9D2BC /* TestFirebaseUITests.swift */ = {isa = PBXFileReference; lastKnownFileType = sourcecode.swift; path = TestFirebaseUITests.swift; sourceTree = "<group>"; };
		A32E435A2C6C8D6100A9D2BC /* TestFirebaseUITestsLaunchTests.swift */ = {isa = PBXFileReference; lastKnownFileType = sourcecode.swift; path = TestFirebaseUITestsLaunchTests.swift; sourceTree = "<group>"; };
		A32E436E2C6C95DD00A9D2BC /* ContentView.swift */ = {isa = PBXFileReference; lastKnownFileType = sourcecode.swift; path = ContentView.swift; sourceTree = "<group>"; };
		A32E43792C6CBB1800A9D2BC /* SignInView.swift */ = {isa = PBXFileReference; lastKnownFileType = sourcecode.swift; path = SignInView.swift; sourceTree = "<group>"; };
		A32E437E2C6CBF7E00A9D2BC /* AuthManager.swift */ = {isa = PBXFileReference; lastKnownFileType = sourcecode.swift; path = AuthManager.swift; sourceTree = "<group>"; };
		A32E43802C6CC79300A9D2BC /* SignInApple.swift */ = {isa = PBXFileReference; lastKnownFileType = sourcecode.swift; path = SignInApple.swift; sourceTree = "<group>"; };
		A32E43822C6D9F3200A9D2BC /* TestFirebase.entitlements */ = {isa = PBXFileReference; lastKnownFileType = text.plist.entitlements; path = TestFirebase.entitlements; sourceTree = "<group>"; };
		A38EF70A2C6F6001006592F2 /* AppTextField.swift */ = {isa = PBXFileReference; lastKnownFileType = sourcecode.swift; path = AppTextField.swift; sourceTree = "<group>"; };
		A38EF70C2C6F6261006592F2 /* AppSecureField.swift */ = {isa = PBXFileReference; lastKnownFileType = sourcecode.swift; path = AppSecureField.swift; sourceTree = "<group>"; };
		A38EF70E2C6F6533006592F2 /* RegistrationView.swift */ = {isa = PBXFileReference; lastKnownFileType = sourcecode.swift; path = RegistrationView.swift; sourceTree = "<group>"; };
		A38EF7102C6F673A006592F2 /* SignInViewModel.swift */ = {isa = PBXFileReference; lastKnownFileType = sourcecode.swift; path = SignInViewModel.swift; sourceTree = "<group>"; };
/* End PBXFileReference section */

/* Begin PBXFrameworksBuildPhase section */
		A32E43372C6C8D6000A9D2BC /* Frameworks */ = {
			isa = PBXFrameworksBuildPhase;
			buildActionMask = 2147483647;
			files = (
				A32E437D2C6CBC5E00A9D2BC /* Supabase in Frameworks */,
			);
			runOnlyForDeploymentPostprocessing = 0;
		};
		A32E43472C6C8D6100A9D2BC /* Frameworks */ = {
			isa = PBXFrameworksBuildPhase;
			buildActionMask = 2147483647;
			files = (
			);
			runOnlyForDeploymentPostprocessing = 0;
		};
		A32E43512C6C8D6100A9D2BC /* Frameworks */ = {
			isa = PBXFrameworksBuildPhase;
			buildActionMask = 2147483647;
			files = (
			);
			runOnlyForDeploymentPostprocessing = 0;
		};
/* End PBXFrameworksBuildPhase section */

/* Begin PBXGroup section */
		A32E43312C6C8D6000A9D2BC = {
			isa = PBXGroup;
			children = (
				A38EF7102C6F673A006592F2 /* SignInViewModel.swift */,
				A38EF70E2C6F6533006592F2 /* RegistrationView.swift */,
				A38EF70C2C6F6261006592F2 /* AppSecureField.swift */,
				A38EF70A2C6F6001006592F2 /* AppTextField.swift */,
				A31FFD152C6DC2D3006BD8C5 /* HomeView.swift */,
				A32E43792C6CBB1800A9D2BC /* SignInView.swift */,
				A32E43802C6CC79300A9D2BC /* SignInApple.swift */,
				A32E437E2C6CBF7E00A9D2BC /* AuthManager.swift */,
				A32E436E2C6C95DD00A9D2BC /* ContentView.swift */,
				A32E433C2C6C8D6000A9D2BC /* TestFirebase */,
				A32E434D2C6C8D6100A9D2BC /* TestFirebaseTests */,
				A32E43572C6C8D6100A9D2BC /* TestFirebaseUITests */,
				A32E433B2C6C8D6000A9D2BC /* Products */,
				A32E437B2C6CBC5E00A9D2BC /* Frameworks */,
			);
			sourceTree = "<group>";
		};
		A32E433B2C6C8D6000A9D2BC /* Products */ = {
			isa = PBXGroup;
			children = (
				A32E433A2C6C8D6000A9D2BC /* TestFirebase.app */,
				A32E434A2C6C8D6100A9D2BC /* TestFirebaseTests.xctest */,
				A32E43542C6C8D6100A9D2BC /* TestFirebaseUITests.xctest */,
			);
			name = Products;
			sourceTree = "<group>";
		};
		A32E433C2C6C8D6000A9D2BC /* TestFirebase */ = {
			isa = PBXGroup;
			children = (
				A32E43822C6D9F3200A9D2BC /* TestFirebase.entitlements */,
				A32E433D2C6C8D6000A9D2BC /* TestFirebaseApp.swift */,
				A32E43412C6C8D6100A9D2BC /* Assets.xcassets */,
				A32E43432C6C8D6100A9D2BC /* Preview Content */,
			);
			path = TestFirebase;
			sourceTree = "<group>";
		};
		A32E43432C6C8D6100A9D2BC /* Preview Content */ = {
			isa = PBXGroup;
			children = (
				A32E43442C6C8D6100A9D2BC /* Preview Assets.xcassets */,
			);
			path = "Preview Content";
			sourceTree = "<group>";
		};
		A32E434D2C6C8D6100A9D2BC /* TestFirebaseTests */ = {
			isa = PBXGroup;
			children = (
				A32E434E2C6C8D6100A9D2BC /* TestFirebaseTests.swift */,
			);
			path = TestFirebaseTests;
			sourceTree = "<group>";
		};
		A32E43572C6C8D6100A9D2BC /* TestFirebaseUITests */ = {
			isa = PBXGroup;
			children = (
				A32E43582C6C8D6100A9D2BC /* TestFirebaseUITests.swift */,
				A32E435A2C6C8D6100A9D2BC /* TestFirebaseUITestsLaunchTests.swift */,
			);
			path = TestFirebaseUITests;
			sourceTree = "<group>";
		};
		A32E437B2C6CBC5E00A9D2BC /* Frameworks */ = {
			isa = PBXGroup;
			children = (
			);
			name = Frameworks;
			sourceTree = "<group>";
		};
/* End PBXGroup section */

/* Begin PBXNativeTarget section */
		A32E43392C6C8D6000A9D2BC /* TestFirebase */ = {
			isa = PBXNativeTarget;
			buildConfigurationList = A32E435E2C6C8D6100A9D2BC /* Build configuration list for PBXNativeTarget "TestFirebase" */;
			buildPhases = (
				A32E43362C6C8D6000A9D2BC /* Sources */,
				A32E43372C6C8D6000A9D2BC /* Frameworks */,
				A32E43382C6C8D6000A9D2BC /* Resources */,
			);
			buildRules = (
			);
			dependencies = (
			);
			name = TestFirebase;
			packageProductDependencies = (
				A32E437C2C6CBC5E00A9D2BC /* Supabase */,
			);
			productName = TestFirebase;
			productReference = A32E433A2C6C8D6000A9D2BC /* TestFirebase.app */;
			productType = "com.apple.product-type.application";
		};
		A32E43492C6C8D6100A9D2BC /* TestFirebaseTests */ = {
			isa = PBXNativeTarget;
			buildConfigurationList = A32E43612C6C8D6100A9D2BC /* Build configuration list for PBXNativeTarget "TestFirebaseTests" */;
			buildPhases = (
				A32E43462C6C8D6100A9D2BC /* Sources */,
				A32E43472C6C8D6100A9D2BC /* Frameworks */,
				A32E43482C6C8D6100A9D2BC /* Resources */,
			);
			buildRules = (
			);
			dependencies = (
				A32E434C2C6C8D6100A9D2BC /* PBXTargetDependency */,
			);
			name = TestFirebaseTests;
			productName = TestFirebaseTests;
			productReference = A32E434A2C6C8D6100A9D2BC /* TestFirebaseTests.xctest */;
			productType = "com.apple.product-type.bundle.unit-test";
		};
		A32E43532C6C8D6100A9D2BC /* TestFirebaseUITests */ = {
			isa = PBXNativeTarget;
			buildConfigurationList = A32E43642C6C8D6100A9D2BC /* Build configuration list for PBXNativeTarget "TestFirebaseUITests" */;
			buildPhases = (
				A32E43502C6C8D6100A9D2BC /* Sources */,
				A32E43512C6C8D6100A9D2BC /* Frameworks */,
				A32E43522C6C8D6100A9D2BC /* Resources */,
			);
			buildRules = (
			);
			dependencies = (
				A32E43562C6C8D6100A9D2BC /* PBXTargetDependency */,
			);
			name = TestFirebaseUITests;
			productName = TestFirebaseUITests;
			productReference = A32E43542C6C8D6100A9D2BC /* TestFirebaseUITests.xctest */;
			productType = "com.apple.product-type.bundle.ui-testing";
		};
/* End PBXNativeTarget section */

/* Begin PBXProject section */
		A32E43322C6C8D6000A9D2BC /* Project object */ = {
			isa = PBXProject;
			attributes = {
				BuildIndependentTargetsInParallel = 1;
				LastSwiftUpdateCheck = 1540;
				LastUpgradeCheck = 1540;
				TargetAttributes = {
					A32E43392C6C8D6000A9D2BC = {
						CreatedOnToolsVersion = 15.4;
					};
					A32E43492C6C8D6100A9D2BC = {
						CreatedOnToolsVersion = 15.4;
						TestTargetID = A32E43392C6C8D6000A9D2BC;
					};
					A32E43532C6C8D6100A9D2BC = {
						CreatedOnToolsVersion = 15.4;
						TestTargetID = A32E43392C6C8D6000A9D2BC;
					};
				};
			};
			buildConfigurationList = A32E43352C6C8D6000A9D2BC /* Build configuration list for PBXProject "TestFirebase" */;
			compatibilityVersion = "Xcode 14.0";
			developmentRegion = en;
			hasScannedForEncodings = 0;
			knownRegions = (
				en,
				Base,
			);
			mainGroup = A32E43312C6C8D6000A9D2BC;
			packageReferences = (
				A32E43782C6CB21B00A9D2BC /* XCRemoteSwiftPackageReference "supabase-swift" */,
			);
			productRefGroup = A32E433B2C6C8D6000A9D2BC /* Products */;
			projectDirPath = "";
			projectRoot = "";
			targets = (
				A32E43392C6C8D6000A9D2BC /* TestFirebase */,
				A32E43492C6C8D6100A9D2BC /* TestFirebaseTests */,
				A32E43532C6C8D6100A9D2BC /* TestFirebaseUITests */,
			);
		};
/* End PBXProject section */

/* Begin PBXResourcesBuildPhase section */
		A32E43382C6C8D6000A9D2BC /* Resources */ = {
			isa = PBXResourcesBuildPhase;
			buildActionMask = 2147483647;
			files = (
				A32E43452C6C8D6100A9D2BC /* Preview Assets.xcassets in Resources */,
				A32E43422C6C8D6100A9D2BC /* Assets.xcassets in Resources */,
			);
			runOnlyForDeploymentPostprocessing = 0;
		};
		A32E43482C6C8D6100A9D2BC /* Resources */ = {
			isa = PBXResourcesBuildPhase;
			buildActionMask = 2147483647;
			files = (
			);
			runOnlyForDeploymentPostprocessing = 0;
		};
		A32E43522C6C8D6100A9D2BC /* Resources */ = {
			isa = PBXResourcesBuildPhase;
			buildActionMask = 2147483647;
			files = (
			);
			runOnlyForDeploymentPostprocessing = 0;
		};
/* End PBXResourcesBuildPhase section */

/* Begin PBXSourcesBuildPhase section */
		A32E43362C6C8D6000A9D2BC /* Sources */ = {
			isa = PBXSourcesBuildPhase;
			buildActionMask = 2147483647;
			files = (
				A32E43812C6CC79300A9D2BC /* SignInApple.swift in Sources */,
				A32E437F2C6CBF7E00A9D2BC /* AuthManager.swift in Sources */,
				A32E433E2C6C8D6000A9D2BC /* TestFirebaseApp.swift in Sources */,
				A38EF70F2C6F6533006592F2 /* RegistrationView.swift in Sources */,
				A38EF7112C6F673A006592F2 /* SignInViewModel.swift in Sources */,
				A38EF70D2C6F6261006592F2 /* AppSecureField.swift in Sources */,
				A31FFD162C6DC2D3006BD8C5 /* HomeView.swift in Sources */,
				A38EF70B2C6F6001006592F2 /* AppTextField.swift in Sources */,
				A32E437A2C6CBB1800A9D2BC /* SignInView.swift in Sources */,
				A32E436F2C6C95DD00A9D2BC /* ContentView.swift in Sources */,
			);
			runOnlyForDeploymentPostprocessing = 0;
		};
		A32E43462C6C8D6100A9D2BC /* Sources */ = {
			isa = PBXSourcesBuildPhase;
			buildActionMask = 2147483647;
			files = (
				A32E434F2C6C8D6100A9D2BC /* TestFirebaseTests.swift in Sources */,
			);
			runOnlyForDeploymentPostprocessing = 0;
		};
		A32E43502C6C8D6100A9D2BC /* Sources */ = {
			isa = PBXSourcesBuildPhase;
			buildActionMask = 2147483647;
			files = (
				A32E43592C6C8D6100A9D2BC /* TestFirebaseUITests.swift in Sources */,
				A32E435B2C6C8D6100A9D2BC /* TestFirebaseUITestsLaunchTests.swift in Sources */,
			);
			runOnlyForDeploymentPostprocessing = 0;
		};
/* End PBXSourcesBuildPhase section */

/* Begin PBXTargetDependency section */
		A32E434C2C6C8D6100A9D2BC /* PBXTargetDependency */ = {
			isa = PBXTargetDependency;
			target = A32E43392C6C8D6000A9D2BC /* TestFirebase */;
			targetProxy = A32E434B2C6C8D6100A9D2BC /* PBXContainerItemProxy */;
		};
		A32E43562C6C8D6100A9D2BC /* PBXTargetDependency */ = {
			isa = PBXTargetDependency;
			target = A32E43392C6C8D6000A9D2BC /* TestFirebase */;
			targetProxy = A32E43552C6C8D6100A9D2BC /* PBXContainerItemProxy */;
		};
/* End PBXTargetDependency section */

/* Begin XCBuildConfiguration section */
		A32E435C2C6C8D6100A9D2BC /* Debug */ = {
			isa = XCBuildConfiguration;
			buildSettings = {
				ALWAYS_SEARCH_USER_PATHS = NO;
				ASSETCATALOG_COMPILER_GENERATE_SWIFT_ASSET_SYMBOL_EXTENSIONS = YES;
				CLANG_ANALYZER_NONNULL = YES;
				CLANG_ANALYZER_NUMBER_OBJECT_CONVERSION = YES_AGGRESSIVE;
				CLANG_CXX_LANGUAGE_STANDARD = "gnu++20";
				CLANG_ENABLE_MODULES = YES;
				CLANG_ENABLE_OBJC_ARC = YES;
				CLANG_ENABLE_OBJC_WEAK = YES;
				CLANG_WARN_BLOCK_CAPTURE_AUTORELEASING = YES;
				CLANG_WARN_BOOL_CONVERSION = YES;
				CLANG_WARN_COMMA = YES;
				CLANG_WARN_CONSTANT_CONVERSION = YES;
				CLANG_WARN_DEPRECATED_OBJC_IMPLEMENTATIONS = YES;
				CLANG_WARN_DIRECT_OBJC_ISA_USAGE = YES_ERROR;
				CLANG_WARN_DOCUMENTATION_COMMENTS = YES;
				CLANG_WARN_EMPTY_BODY = YES;
				CLANG_WARN_ENUM_CONVERSION = YES;
				CLANG_WARN_INFINITE_RECURSION = YES;
				CLANG_WARN_INT_CONVERSION = YES;
				CLANG_WARN_NON_LITERAL_NULL_CONVERSION = YES;
				CLANG_WARN_OBJC_IMPLICIT_RETAIN_SELF = YES;
				CLANG_WARN_OBJC_LITERAL_CONVERSION = YES;
				CLANG_WARN_OBJC_ROOT_CLASS = YES_ERROR;
				CLANG_WARN_QUOTED_INCLUDE_IN_FRAMEWORK_HEADER = YES;
				CLANG_WARN_RANGE_LOOP_ANALYSIS = YES;
				CLANG_WARN_STRICT_PROTOTYPES = YES;
				CLANG_WARN_SUSPICIOUS_MOVE = YES;
				CLANG_WARN_UNGUARDED_AVAILABILITY = YES_AGGRESSIVE;
				CLANG_WARN_UNREACHABLE_CODE = YES;
				CLANG_WARN__DUPLICATE_METHOD_MATCH = YES;
				COPY_PHASE_STRIP = NO;
				DEBUG_INFORMATION_FORMAT = dwarf;
				ENABLE_STRICT_OBJC_MSGSEND = YES;
				ENABLE_TESTABILITY = YES;
				ENABLE_USER_SCRIPT_SANDBOXING = YES;
				GCC_C_LANGUAGE_STANDARD = gnu17;
				GCC_DYNAMIC_NO_PIC = NO;
				GCC_NO_COMMON_BLOCKS = YES;
				GCC_OPTIMIZATION_LEVEL = 0;
				GCC_PREPROCESSOR_DEFINITIONS = (
					"DEBUG=1",
					"$(inherited)",
				);
				GCC_WARN_64_TO_32_BIT_CONVERSION = YES;
				GCC_WARN_ABOUT_RETURN_TYPE = YES_ERROR;
				GCC_WARN_UNDECLARED_SELECTOR = YES;
				GCC_WARN_UNINITIALIZED_AUTOS = YES_AGGRESSIVE;
				GCC_WARN_UNUSED_FUNCTION = YES;
				GCC_WARN_UNUSED_VARIABLE = YES;
				IPHONEOS_DEPLOYMENT_TARGET = 17.5;
				LOCALIZATION_PREFERS_STRING_CATALOGS = YES;
				MTL_ENABLE_DEBUG_INFO = INCLUDE_SOURCE;
				MTL_FAST_MATH = YES;
				ONLY_ACTIVE_ARCH = YES;
				SDKROOT = iphoneos;
				SWIFT_ACTIVE_COMPILATION_CONDITIONS = "DEBUG $(inherited)";
				SWIFT_OPTIMIZATION_LEVEL = "-Onone";
			};
			name = Debug;
		};
		A32E435D2C6C8D6100A9D2BC /* Release */ = {
			isa = XCBuildConfiguration;
			buildSettings = {
				ALWAYS_SEARCH_USER_PATHS = NO;
				ASSETCATALOG_COMPILER_GENERATE_SWIFT_ASSET_SYMBOL_EXTENSIONS = YES;
				CLANG_ANALYZER_NONNULL = YES;
				CLANG_ANALYZER_NUMBER_OBJECT_CONVERSION = YES_AGGRESSIVE;
				CLANG_CXX_LANGUAGE_STANDARD = "gnu++20";
				CLANG_ENABLE_MODULES = YES;
				CLANG_ENABLE_OBJC_ARC = YES;
				CLANG_ENABLE_OBJC_WEAK = YES;
				CLANG_WARN_BLOCK_CAPTURE_AUTORELEASING = YES;
				CLANG_WARN_BOOL_CONVERSION = YES;
				CLANG_WARN_COMMA = YES;
				CLANG_WARN_CONSTANT_CONVERSION = YES;
				CLANG_WARN_DEPRECATED_OBJC_IMPLEMENTATIONS = YES;
				CLANG_WARN_DIRECT_OBJC_ISA_USAGE = YES_ERROR;
				CLANG_WARN_DOCUMENTATION_COMMENTS = YES;
				CLANG_WARN_EMPTY_BODY = YES;
				CLANG_WARN_ENUM_CONVERSION = YES;
				CLANG_WARN_INFINITE_RECURSION = YES;
				CLANG_WARN_INT_CONVERSION = YES;
				CLANG_WARN_NON_LITERAL_NULL_CONVERSION = YES;
				CLANG_WARN_OBJC_IMPLICIT_RETAIN_SELF = YES;
				CLANG_WARN_OBJC_LITERAL_CONVERSION = YES;
				CLANG_WARN_OBJC_ROOT_CLASS = YES_ERROR;
				CLANG_WARN_QUOTED_INCLUDE_IN_FRAMEWORK_HEADER = YES;
				CLANG_WARN_RANGE_LOOP_ANALYSIS = YES;
				CLANG_WARN_STRICT_PROTOTYPES = YES;
				CLANG_WARN_SUSPICIOUS_MOVE = YES;
				CLANG_WARN_UNGUARDED_AVAILABILITY = YES_AGGRESSIVE;
				CLANG_WARN_UNREACHABLE_CODE = YES;
				CLANG_WARN__DUPLICATE_METHOD_MATCH = YES;
				COPY_PHASE_STRIP = NO;
				DEBUG_INFORMATION_FORMAT = "dwarf-with-dsym";
				ENABLE_NS_ASSERTIONS = NO;
				ENABLE_STRICT_OBJC_MSGSEND = YES;
				ENABLE_USER_SCRIPT_SANDBOXING = YES;
				GCC_C_LANGUAGE_STANDARD = gnu17;
				GCC_NO_COMMON_BLOCKS = YES;
				GCC_WARN_64_TO_32_BIT_CONVERSION = YES;
				GCC_WARN_ABOUT_RETURN_TYPE = YES_ERROR;
				GCC_WARN_UNDECLARED_SELECTOR = YES;
				GCC_WARN_UNINITIALIZED_AUTOS = YES_AGGRESSIVE;
				GCC_WARN_UNUSED_FUNCTION = YES;
				GCC_WARN_UNUSED_VARIABLE = YES;
				IPHONEOS_DEPLOYMENT_TARGET = 17.5;
				LOCALIZATION_PREFERS_STRING_CATALOGS = YES;
				MTL_ENABLE_DEBUG_INFO = NO;
				MTL_FAST_MATH = YES;
				SDKROOT = iphoneos;
				SWIFT_COMPILATION_MODE = wholemodule;
				VALIDATE_PRODUCT = YES;
			};
			name = Release;
		};
		A32E435F2C6C8D6100A9D2BC /* Debug */ = {
			isa = XCBuildConfiguration;
			buildSettings = {
				ASSETCATALOG_COMPILER_APPICON_NAME = AppIcon;
				ASSETCATALOG_COMPILER_GLOBAL_ACCENT_COLOR_NAME = AccentColor;
				CODE_SIGN_ENTITLEMENTS = TestFirebase/TestFirebase.entitlements;
				CODE_SIGN_STYLE = Automatic;
				CURRENT_PROJECT_VERSION = 1;
				DEVELOPMENT_ASSET_PATHS = "\"TestFirebase/Preview Content\"";
				DEVELOPMENT_TEAM = 76R68ZMQGR;
				ENABLE_PREVIEWS = YES;
				GENERATE_INFOPLIST_FILE = YES;
				INFOPLIST_KEY_UIApplicationSceneManifest_Generation = YES;
				INFOPLIST_KEY_UIApplicationSupportsIndirectInputEvents = YES;
				INFOPLIST_KEY_UILaunchScreen_Generation = YES;
				INFOPLIST_KEY_UISupportedInterfaceOrientations_iPad = "UIInterfaceOrientationPortrait UIInterfaceOrientationPortraitUpsideDown UIInterfaceOrientationLandscapeLeft UIInterfaceOrientationLandscapeRight";
				INFOPLIST_KEY_UISupportedInterfaceOrientations_iPhone = "UIInterfaceOrientationPortrait UIInterfaceOrientationLandscapeLeft UIInterfaceOrientationLandscapeRight";
				LD_RUNPATH_SEARCH_PATHS = (
					"$(inherited)",
					"@executable_path/Frameworks",
				);
				MARKETING_VERSION = 1.0;
				PRODUCT_BUNDLE_IDENTIFIER = natasharadika.TestFirebase;
				PRODUCT_NAME = "$(TARGET_NAME)";
				SWIFT_EMIT_LOC_STRINGS = YES;
				SWIFT_VERSION = 5.0;
				TARGETED_DEVICE_FAMILY = "1,2";
			};
			name = Debug;
		};
		A32E43602C6C8D6100A9D2BC /* Release */ = {
			isa = XCBuildConfiguration;
			buildSettings = {
				ASSETCATALOG_COMPILER_APPICON_NAME = AppIcon;
				ASSETCATALOG_COMPILER_GLOBAL_ACCENT_COLOR_NAME = AccentColor;
				CODE_SIGN_ENTITLEMENTS = TestFirebase/TestFirebase.entitlements;
				CODE_SIGN_STYLE = Automatic;
				CURRENT_PROJECT_VERSION = 1;
				DEVELOPMENT_ASSET_PATHS = "\"TestFirebase/Preview Content\"";
				DEVELOPMENT_TEAM = 76R68ZMQGR;
				ENABLE_PREVIEWS = YES;
				GENERATE_INFOPLIST_FILE = YES;
				INFOPLIST_KEY_UIApplicationSceneManifest_Generation = YES;
				INFOPLIST_KEY_UIApplicationSupportsIndirectInputEvents = YES;
				INFOPLIST_KEY_UILaunchScreen_Generation = YES;
				INFOPLIST_KEY_UISupportedInterfaceOrientations_iPad = "UIInterfaceOrientationPortrait UIInterfaceOrientationPortraitUpsideDown UIInterfaceOrientationLandscapeLeft UIInterfaceOrientationLandscapeRight";
				INFOPLIST_KEY_UISupportedInterfaceOrientations_iPhone = "UIInterfaceOrientationPortrait UIInterfaceOrientationLandscapeLeft UIInterfaceOrientationLandscapeRight";
				LD_RUNPATH_SEARCH_PATHS = (
					"$(inherited)",
					"@executable_path/Frameworks",
				);
				MARKETING_VERSION = 1.0;
				PRODUCT_BUNDLE_IDENTIFIER = natasharadika.TestFirebase;
				PRODUCT_NAME = "$(TARGET_NAME)";
				SWIFT_EMIT_LOC_STRINGS = YES;
				SWIFT_VERSION = 5.0;
				TARGETED_DEVICE_FAMILY = "1,2";
			};
			name = Release;
		};
		A32E43622C6C8D6100A9D2BC /* Debug */ = {
			isa = XCBuildConfiguration;
			buildSettings = {
				ALWAYS_EMBED_SWIFT_STANDARD_LIBRARIES = YES;
				BUNDLE_LOADER = "$(TEST_HOST)";
				CODE_SIGN_STYLE = Automatic;
				CURRENT_PROJECT_VERSION = 1;
				DEVELOPMENT_TEAM = 76R68ZMQGR;
				GENERATE_INFOPLIST_FILE = YES;
				IPHONEOS_DEPLOYMENT_TARGET = 17.5;
				MARKETING_VERSION = 1.0;
				PRODUCT_BUNDLE_IDENTIFIER = natasharadika.TestFirebaseTests;
				PRODUCT_NAME = "$(TARGET_NAME)";
				SWIFT_EMIT_LOC_STRINGS = NO;
				SWIFT_VERSION = 5.0;
				TARGETED_DEVICE_FAMILY = "1,2";
				TEST_HOST = "$(BUILT_PRODUCTS_DIR)/TestFirebase.app/$(BUNDLE_EXECUTABLE_FOLDER_PATH)/TestFirebase";
			};
			name = Debug;
		};
		A32E43632C6C8D6100A9D2BC /* Release */ = {
			isa = XCBuildConfiguration;
			buildSettings = {
				ALWAYS_EMBED_SWIFT_STANDARD_LIBRARIES = YES;
				BUNDLE_LOADER = "$(TEST_HOST)";
				CODE_SIGN_STYLE = Automatic;
				CURRENT_PROJECT_VERSION = 1;
				DEVELOPMENT_TEAM = 76R68ZMQGR;
				GENERATE_INFOPLIST_FILE = YES;
				IPHONEOS_DEPLOYMENT_TARGET = 17.5;
				MARKETING_VERSION = 1.0;
				PRODUCT_BUNDLE_IDENTIFIER = natasharadika.TestFirebaseTests;
				PRODUCT_NAME = "$(TARGET_NAME)";
				SWIFT_EMIT_LOC_STRINGS = NO;
				SWIFT_VERSION = 5.0;
				TARGETED_DEVICE_FAMILY = "1,2";
				TEST_HOST = "$(BUILT_PRODUCTS_DIR)/TestFirebase.app/$(BUNDLE_EXECUTABLE_FOLDER_PATH)/TestFirebase";
			};
			name = Release;
		};
		A32E43652C6C8D6100A9D2BC /* Debug */ = {
			isa = XCBuildConfiguration;
			buildSettings = {
				ALWAYS_EMBED_SWIFT_STANDARD_LIBRARIES = YES;
				CODE_SIGN_STYLE = Automatic;
				CURRENT_PROJECT_VERSION = 1;
				DEVELOPMENT_TEAM = 76R68ZMQGR;
				GENERATE_INFOPLIST_FILE = YES;
				MARKETING_VERSION = 1.0;
				PRODUCT_BUNDLE_IDENTIFIER = natasharadika.TestFirebaseUITests;
				PRODUCT_NAME = "$(TARGET_NAME)";
				SWIFT_EMIT_LOC_STRINGS = NO;
				SWIFT_VERSION = 5.0;
				TARGETED_DEVICE_FAMILY = "1,2";
				TEST_TARGET_NAME = TestFirebase;
			};
			name = Debug;
		};
		A32E43662C6C8D6100A9D2BC /* Release */ = {
			isa = XCBuildConfiguration;
			buildSettings = {
				ALWAYS_EMBED_SWIFT_STANDARD_LIBRARIES = YES;
				CODE_SIGN_STYLE = Automatic;
				CURRENT_PROJECT_VERSION = 1;
				DEVELOPMENT_TEAM = 76R68ZMQGR;
				GENERATE_INFOPLIST_FILE = YES;
				MARKETING_VERSION = 1.0;
				PRODUCT_BUNDLE_IDENTIFIER = natasharadika.TestFirebaseUITests;
				PRODUCT_NAME = "$(TARGET_NAME)";
				SWIFT_EMIT_LOC_STRINGS = NO;
				SWIFT_VERSION = 5.0;
				TARGETED_DEVICE_FAMILY = "1,2";
				TEST_TARGET_NAME = TestFirebase;
			};
			name = Release;
		};
/* End XCBuildConfiguration section */

/* Begin XCConfigurationList section */
		A32E43352C6C8D6000A9D2BC /* Build configuration list for PBXProject "TestFirebase" */ = {
			isa = XCConfigurationList;
			buildConfigurations = (
				A32E435C2C6C8D6100A9D2BC /* Debug */,
				A32E435D2C6C8D6100A9D2BC /* Release */,
			);
			defaultConfigurationIsVisible = 0;
			defaultConfigurationName = Release;
		};
		A32E435E2C6C8D6100A9D2BC /* Build configuration list for PBXNativeTarget "TestFirebase" */ = {
			isa = XCConfigurationList;
			buildConfigurations = (
				A32E435F2C6C8D6100A9D2BC /* Debug */,
				A32E43602C6C8D6100A9D2BC /* Release */,
			);
			defaultConfigurationIsVisible = 0;
			defaultConfigurationName = Release;
		};
		A32E43612C6C8D6100A9D2BC /* Build configuration list for PBXNativeTarget "TestFirebaseTests" */ = {
			isa = XCConfigurationList;
			buildConfigurations = (
				A32E43622C6C8D6100A9D2BC /* Debug */,
				A32E43632C6C8D6100A9D2BC /* Release */,
			);
			defaultConfigurationIsVisible = 0;
			defaultConfigurationName = Release;
		};
		A32E43642C6C8D6100A9D2BC /* Build configuration list for PBXNativeTarget "TestFirebaseUITests" */ = {
			isa = XCConfigurationList;
			buildConfigurations = (
				A32E43652C6C8D6100A9D2BC /* Debug */,
				A32E43662C6C8D6100A9D2BC /* Release */,
			);
			defaultConfigurationIsVisible = 0;
			defaultConfigurationName = Release;
		};
/* End XCConfigurationList section */

/* Begin XCRemoteSwiftPackageReference section */
		A32E43782C6CB21B00A9D2BC /* XCRemoteSwiftPackageReference "supabase-swift" */ = {
			isa = XCRemoteSwiftPackageReference;
			repositoryURL = "https://github.com/supabase/supabase-swift.git";
			requirement = {
				kind = upToNextMajorVersion;
				minimumVersion = 2.5.1;
			};
		};
/* End XCRemoteSwiftPackageReference section */

/* Begin XCSwiftPackageProductDependency section */
		A32E437C2C6CBC5E00A9D2BC /* Supabase */ = {
			isa = XCSwiftPackageProductDependency;
			package = A32E43782C6CB21B00A9D2BC /* XCRemoteSwiftPackageReference "supabase-swift" */;
			productName = Supabase;
		};
/* End XCSwiftPackageProductDependency section */
	};
	rootObject = A32E43322C6C8D6000A9D2BC /* Project object */;
}
